{
  "object": {
    "pins": [
      {
        "package": "SnapshotTesting",
        "repositoryURL": "https://github.com/ugiacoman/swift-snapshot-testing.git",
        "state": {
          "branch": null,
          "revision": "ee5dc8fad8004283ffebaaebfc447d7a00545618",
          "version": null
        }
      }
    ]
  },
  "version": 1
}
